
Microsoft Visual Studio Solution File, Format Version 12.00
# Visual Studio Version 16
VisualStudioVersion = 16.0.30621.155
MinimumVisualStudioVersion = 10.0.40219.1
Project("{9A19103F-16F7-4668-BE54-9A1E7A4F7556}") = "AddressBook.Web", "AddressBook.Web\AddressBook.Web.csproj", "{E0534F4A-C5FE-47EA-BCBC-59E2446039C2}"
EndProject
Project("{9A19103F-16F7-4668-BE54-9A1E7A4F7556}") = "AddressBook.Domain", "AddressBook.Domain\AddressBook.Domain.csproj", "{43B1340F-01C3-4DBD-9AB2-EADDE0C3F2F8}"
EndProject
Project("{9A19103F-16F7-4668-BE54-9A1E7A4F7556}") = "AddressBook.DAL", "AddressBook.DAL\AddressBook.DAL.csproj", "{6926CE49-835D-475A-BF9A-1597AECB5D1C}"
EndProject
Project("{9A19103F-16F7-4668-BE54-9A1E7A4F7556}") = "AddressBook.Common", "AddressBook.Common\AddressBook.Common.csproj", "{9DD48666-BD0F-43E8-8C33-2428E338527C}"
EndProject
Project("{2150E333-8FDC-42A3-9474-1A3956D46DE8}") = "SolutionItems", "SolutionItems", "{996C9FA9-AEB2-4CCB-9B79-9A221D9CC6DB}"
	ProjectSection(SolutionItems) = preProject
		address_book_create_table_data.sql = address_book_create_table_data.sql
		dotnet_packages_install.txt = dotnet_packages_install.txt
		postman_requests_test.txt = postman_requests_test.txt
	EndProjectSection
EndProject
Global
	GlobalSection(SolutionConfigurationPlatforms) = preSolution
		Debug|Any CPU = Debug|Any CPU
		Release|Any CPU = Release|Any CPU
	EndGlobalSection
	GlobalSection(ProjectConfigurationPlatforms) = postSolution
		{E0534F4A-C5FE-47EA-BCBC-59E2446039C2}.Debug|Any CPU.ActiveCfg = Debug|Any CPU
		{E0534F4A-C5FE-47EA-BCBC-59E2446039C2}.Debug|Any CPU.Build.0 = Debug|Any CPU
		{E0534F4A-C5FE-47EA-BCBC-59E2446039C2}.Release|Any CPU.ActiveCfg = Release|Any CPU
		{E0534F4A-C5FE-47EA-BCBC-59E2446039C2}.Release|Any CPU.Build.0 = Release|Any CPU
		{43B1340F-01C3-4DBD-9AB2-EADDE0C3F2F8}.Debug|Any CPU.ActiveCfg = Debug|Any CPU
		{43B1340F-01C3-4DBD-9AB2-EADDE0C3F2F8}.Debug|Any CPU.Build.0 = Debug|Any CPU
		{43B1340F-01C3-4DBD-9AB2-EADDE0C3F2F8}.Release|Any CPU.ActiveCfg = Release|Any CPU
		{43B1340F-01C3-4DBD-9AB2-EADDE0C3F2F8}.Release|Any CPU.Build.0 = Release|Any CPU
		{6926CE49-835D-475A-BF9A-1597AECB5D1C}.Debug|Any CPU.ActiveCfg = Debug|Any CPU
		{6926CE49-835D-475A-BF9A-1597AECB5D1C}.Debug|Any CPU.Build.0 = Debug|Any CPU
		{6926CE49-835D-475A-BF9A-1597AECB5D1C}.Release|Any CPU.ActiveCfg = Release|Any CPU
		{6926CE49-835D-475A-BF9A-1597AECB5D1C}.Release|Any CPU.Build.0 = Release|Any CPU
		{9DD48666-BD0F-43E8-8C33-2428E338527C}.Debug|Any CPU.ActiveCfg = Debug|Any CPU
		{9DD48666-BD0F-43E8-8C33-2428E338527C}.Debug|Any CPU.Build.0 = Debug|Any CPU
		{9DD48666-BD0F-43E8-8C33-2428E338527C}.Release|Any CPU.ActiveCfg = Release|Any CPU
		{9DD48666-BD0F-43E8-8C33-2428E338527C}.Release|Any CPU.Build.0 = Release|Any CPU
	EndGlobalSection
	GlobalSection(SolutionProperties) = preSolution
		HideSolutionNode = FALSE
	EndGlobalSection
	GlobalSection(ExtensibilityGlobals) = postSolution
		SolutionGuid = {C0A31194-4CFE-4C61-986B-DAA3C4F82520}
	EndGlobalSection
EndGlobal
